// !$*UTF8*$!
{
	archiveVersion = 1;
	classes = {
	};
	objectVersion = 46;
	objects = {

/* Begin PBXBuildFile section */
		A50BA6D6186C040E00465605 /* FMDatabase.m in Sources */ = {isa = PBXBuildFile; fileRef = A50BA6CC186C040E00465605 /* FMDatabase.m */; };
		A50BA6D7186C040E00465605 /* FMDatabaseAdditions.m in Sources */ = {isa = PBXBuildFile; fileRef = A50BA6CE186C040E00465605 /* FMDatabaseAdditions.m */; };
		A50BA6D8186C040E00465605 /* FMDatabasePool.m in Sources */ = {isa = PBXBuildFile; fileRef = A50BA6D0186C040E00465605 /* FMDatabasePool.m */; };
		A50BA6D9186C040E00465605 /* FMDatabaseQueue.m in Sources */ = {isa = PBXBuildFile; fileRef = A50BA6D2186C040E00465605 /* FMDatabaseQueue.m */; };
		A50BA6DB186C040E00465605 /* FMResultSet.m in Sources */ = {isa = PBXBuildFile; fileRef = A50BA6D5186C040E00465605 /* FMResultSet.m */; };
		A5B1FB4818587FCF0066ED79 /* libsqlite3.0.dylib in Frameworks */ = {isa = PBXBuildFile; fileRef = A5B1FB4718587FCF0066ED79 /* libsqlite3.0.dylib */; };
		A5B1FB60185890410066ED79 /* iPhoneAppDatabase.db in Resources */ = {isa = PBXBuildFile; fileRef = A5B1FB5F185890410066ED79 /* iPhoneAppDatabase.db */; };
		E0AFFC59181A67E900E17AD7 /* UIKit.framework in Frameworks */ = {isa = PBXBuildFile; fileRef = E0AFFC58181A67E900E17AD7 /* UIKit.framework */; };
		E0AFFC5B181A67E900E17AD7 /* Foundation.framework in Frameworks */ = {isa = PBXBuildFile; fileRef = E0AFFC5A181A67E900E17AD7 /* Foundation.framework */; };
		E0AFFC5D181A67E900E17AD7 /* CoreGraphics.framework in Frameworks */ = {isa = PBXBuildFile; fileRef = E0AFFC5C181A67E900E17AD7 /* CoreGraphics.framework */; };
		E0AFFC63181A67E900E17AD7 /* InfoPlist.strings in Resources */ = {isa = PBXBuildFile; fileRef = E0AFFC61181A67E900E17AD7 /* InfoPlist.strings */; };
		E0AFFC65181A67E900E17AD7 /* main.m in Sources */ = {isa = PBXBuildFile; fileRef = E0AFFC64181A67E900E17AD7 /* main.m */; };
		E0AFFC69181A67E900E17AD7 /* AppDelegate.m in Sources */ = {isa = PBXBuildFile; fileRef = E0AFFC68181A67E900E17AD7 /* AppDelegate.m */; };
		E0AFFC6B181A67E900E17AD7 /* Default.png in Resources */ = {isa = PBXBuildFile; fileRef = E0AFFC6A181A67E900E17AD7 /* Default.png */; };
		E0AFFC6D181A67E900E17AD7 /* Default@2x.png in Resources */ = {isa = PBXBuildFile; fileRef = E0AFFC6C181A67E900E17AD7 /* Default@2x.png */; };
		E0AFFC6F181A67E900E17AD7 /* Default-568h@2x.png in Resources */ = {isa = PBXBuildFile; fileRef = E0AFFC6E181A67E900E17AD7 /* Default-568h@2x.png */; };
		E0AFFC72181A67E900E17AD7 /* MainStoryboard.storyboard in Resources */ = {isa = PBXBuildFile; fileRef = E0AFFC70181A67E900E17AD7 /* MainStoryboard.storyboard */; };
		E0AFFC75181A67E900E17AD7 /* ViewController.m in Sources */ = {isa = PBXBuildFile; fileRef = E0AFFC74181A67E900E17AD7 /* ViewController.m */; };
		E0AFFC7D181A67E900E17AD7 /* SenTestingKit.framework in Frameworks */ = {isa = PBXBuildFile; fileRef = E0AFFC7C181A67E900E17AD7 /* SenTestingKit.framework */; };
		E0AFFC7E181A67E900E17AD7 /* UIKit.framework in Frameworks */ = {isa = PBXBuildFile; fileRef = E0AFFC58181A67E900E17AD7 /* UIKit.framework */; };
		E0AFFC7F181A67E900E17AD7 /* Foundation.framework in Frameworks */ = {isa = PBXBuildFile; fileRef = E0AFFC5A181A67E900E17AD7 /* Foundation.framework */; };
		E0AFFC87181A67E900E17AD7 /* InfoPlist.strings in Resources */ = {isa = PBXBuildFile; fileRef = E0AFFC85181A67E900E17AD7 /* InfoPlist.strings */; };
		E0AFFC8A181A67E900E17AD7 /* DrinkingPartyTests.m in Sources */ = {isa = PBXBuildFile; fileRef = E0AFFC89181A67E900E17AD7 /* DrinkingPartyTests.m */; };
		E0AFFC95181A695300E17AD7 /* HomeViewController.m in Sources */ = {isa = PBXBuildFile; fileRef = E0AFFC94181A695300E17AD7 /* HomeViewController.m */; };
		E0AFFC98181A6B1A00E17AD7 /* SettingModeViewController.m in Sources */ = {isa = PBXBuildFile; fileRef = E0AFFC97181A6B1A00E17AD7 /* SettingModeViewController.m */; };
		E0DAB7AC186C09D3001AD877 /* MyPickerViewController.m in Sources */ = {isa = PBXBuildFile; fileRef = E0DAB7AB186C09D3001AD877 /* MyPickerViewController.m */; };
		E0DAB7AF186C27F6001AD877 /* ThemeViewController.m in Sources */ = {isa = PBXBuildFile; fileRef = E0DAB7AE186C27F5001AD877 /* ThemeViewController.m */; };
		E0DAB7B2186C2804001AD877 /* ResultViewController.m in Sources */ = {isa = PBXBuildFile; fileRef = E0DAB7B1186C2804001AD877 /* ResultViewController.m */; };
/* End PBXBuildFile section */

/* Begin PBXContainerItemProxy section */
		E0AFFC80181A67E900E17AD7 /* PBXContainerItemProxy */ = {
			isa = PBXContainerItemProxy;
			containerPortal = E0AFFC4D181A67E900E17AD7 /* Project object */;
			proxyType = 1;
			remoteGlobalIDString = E0AFFC54181A67E900E17AD7;
			remoteInfo = DrinkingParty;
		};
/* End PBXContainerItemProxy section */

/* Begin PBXFileReference section */
		A50BA6CB186C040E00465605 /* FMDatabase.h */ = {isa = PBXFileReference; fileEncoding = 4; lastKnownFileType = sourcecode.c.h; name = FMDatabase.h; path = "../fmdb-master/src/FMDatabase.h"; sourceTree = "<group>"; };
		A50BA6CC186C040E00465605 /* FMDatabase.m */ = {isa = PBXFileReference; fileEncoding = 4; lastKnownFileType = sourcecode.c.objc; name = FMDatabase.m; path = "../fmdb-master/src/FMDatabase.m"; sourceTree = "<group>"; };
		A50BA6CD186C040E00465605 /* FMDatabaseAdditions.h */ = {isa = PBXFileReference; fileEncoding = 4; lastKnownFileType = sourcecode.c.h; name = FMDatabaseAdditions.h; path = "../fmdb-master/src/FMDatabaseAdditions.h"; sourceTree = "<group>"; };
		A50BA6CE186C040E00465605 /* FMDatabaseAdditions.m */ = {isa = PBXFileReference; fileEncoding = 4; lastKnownFileType = sourcecode.c.objc; name = FMDatabaseAdditions.m; path = "../fmdb-master/src/FMDatabaseAdditions.m"; sourceTree = "<group>"; };
		A50BA6CF186C040E00465605 /* FMDatabasePool.h */ = {isa = PBXFileReference; fileEncoding = 4; lastKnownFileType = sourcecode.c.h; name = FMDatabasePool.h; path = "../fmdb-master/src/FMDatabasePool.h"; sourceTree = "<group>"; };
		A50BA6D0186C040E00465605 /* FMDatabasePool.m */ = {isa = PBXFileReference; fileEncoding = 4; lastKnownFileType = sourcecode.c.objc; name = FMDatabasePool.m; path = "../fmdb-master/src/FMDatabasePool.m"; sourceTree = "<group>"; };
		A50BA6D1186C040E00465605 /* FMDatabaseQueue.h */ = {isa = PBXFileReference; fileEncoding = 4; lastKnownFileType = sourcecode.c.h; name = FMDatabaseQueue.h; path = "../fmdb-master/src/FMDatabaseQueue.h"; sourceTree = "<group>"; };
		A50BA6D2186C040E00465605 /* FMDatabaseQueue.m */ = {isa = PBXFileReference; fileEncoding = 4; lastKnownFileType = sourcecode.c.objc; name = FMDatabaseQueue.m; path = "../fmdb-master/src/FMDatabaseQueue.m"; sourceTree = "<group>"; };
		A50BA6D4186C040E00465605 /* FMResultSet.h */ = {isa = PBXFileReference; fileEncoding = 4; lastKnownFileType = sourcecode.c.h; name = FMResultSet.h; path = "../fmdb-master/src/FMResultSet.h"; sourceTree = "<group>"; };
		A50BA6D5186C040E00465605 /* FMResultSet.m */ = {isa = PBXFileReference; fileEncoding = 4; lastKnownFileType = sourcecode.c.objc; name = FMResultSet.m; path = "../fmdb-master/src/FMResultSet.m"; sourceTree = "<group>"; };
		A5B1FB4718587FCF0066ED79 /* libsqlite3.0.dylib */ = {isa = PBXFileReference; lastKnownFileType = "compiled.mach-o.dylib"; name = libsqlite3.0.dylib; path = usr/lib/libsqlite3.0.dylib; sourceTree = SDKROOT; };
		A5B1FB5F185890410066ED79 /* iPhoneAppDatabase.db */ = {isa = PBXFileReference; lastKnownFileType = file; path = iPhoneAppDatabase.db; sourceTree = SOURCE_ROOT; };
		E0AFFC55181A67E900E17AD7 /* DrinkingParty.app */ = {isa = PBXFileReference; explicitFileType = wrapper.application; includeInIndex = 0; path = DrinkingParty.app; sourceTree = BUILT_PRODUCTS_DIR; };
		E0AFFC58181A67E900E17AD7 /* UIKit.framework */ = {isa = PBXFileReference; lastKnownFileType = wrapper.framework; name = UIKit.framework; path = System/Library/Frameworks/UIKit.framework; sourceTree = SDKROOT; };
		E0AFFC5A181A67E900E17AD7 /* Foundation.framework */ = {isa = PBXFileReference; lastKnownFileType = wrapper.framework; name = Foundation.framework; path = System/Library/Frameworks/Foundation.framework; sourceTree = SDKROOT; };
		E0AFFC5C181A67E900E17AD7 /* CoreGraphics.framework */ = {isa = PBXFileReference; lastKnownFileType = wrapper.framework; name = CoreGraphics.framework; path = System/Library/Frameworks/CoreGraphics.framework; sourceTree = SDKROOT; };
		E0AFFC60181A67E900E17AD7 /* DrinkingParty-Info.plist */ = {isa = PBXFileReference; lastKnownFileType = text.plist.xml; path = "DrinkingParty-Info.plist"; sourceTree = "<group>"; };
		E0AFFC62181A67E900E17AD7 /* en */ = {isa = PBXFileReference; lastKnownFileType = text.plist.strings; name = en; path = en.lproj/InfoPlist.strings; sourceTree = "<group>"; };
		E0AFFC64181A67E900E17AD7 /* main.m */ = {isa = PBXFileReference; lastKnownFileType = sourcecode.c.objc; path = main.m; sourceTree = "<group>"; };
		E0AFFC66181A67E900E17AD7 /* DrinkingParty-Prefix.pch */ = {isa = PBXFileReference; lastKnownFileType = sourcecode.c.h; path = "DrinkingParty-Prefix.pch"; sourceTree = "<group>"; };
		E0AFFC67181A67E900E17AD7 /* AppDelegate.h */ = {isa = PBXFileReference; lastKnownFileType = sourcecode.c.h; path = AppDelegate.h; sourceTree = "<group>"; };
		E0AFFC68181A67E900E17AD7 /* AppDelegate.m */ = {isa = PBXFileReference; lastKnownFileType = sourcecode.c.objc; path = AppDelegate.m; sourceTree = "<group>"; };
		E0AFFC6A181A67E900E17AD7 /* Default.png */ = {isa = PBXFileReference; lastKnownFileType = image.png; path = Default.png; sourceTree = "<group>"; };
		E0AFFC6C181A67E900E17AD7 /* Default@2x.png */ = {isa = PBXFileReference; lastKnownFileType = image.png; path = "Default@2x.png"; sourceTree = "<group>"; };
		E0AFFC6E181A67E900E17AD7 /* Default-568h@2x.png */ = {isa = PBXFileReference; lastKnownFileType = image.png; path = "Default-568h@2x.png"; sourceTree = "<group>"; };
		E0AFFC71181A67E900E17AD7 /* en */ = {isa = PBXFileReference; lastKnownFileType = file.storyboard; name = en; path = en.lproj/MainStoryboard.storyboard; sourceTree = "<group>"; };
		E0AFFC73181A67E900E17AD7 /* ViewController.h */ = {isa = PBXFileReference; lastKnownFileType = sourcecode.c.h; path = ViewController.h; sourceTree = "<group>"; };
		E0AFFC74181A67E900E17AD7 /* ViewController.m */ = {isa = PBXFileReference; lastKnownFileType = sourcecode.c.objc; path = ViewController.m; sourceTree = "<group>"; };
		E0AFFC7B181A67E900E17AD7 /* DrinkingPartyTests.octest */ = {isa = PBXFileReference; explicitFileType = wrapper.cfbundle; includeInIndex = 0; path = DrinkingPartyTests.octest; sourceTree = BUILT_PRODUCTS_DIR; };
		E0AFFC7C181A67E900E17AD7 /* SenTestingKit.framework */ = {isa = PBXFileReference; lastKnownFileType = wrapper.framework; name = SenTestingKit.framework; path = Library/Frameworks/SenTestingKit.framework; sourceTree = DEVELOPER_DIR; };
		E0AFFC84181A67E900E17AD7 /* DrinkingPartyTests-Info.plist */ = {isa = PBXFileReference; lastKnownFileType = text.plist.xml; path = "DrinkingPartyTests-Info.plist"; sourceTree = "<group>"; };
		E0AFFC86181A67E900E17AD7 /* en */ = {isa = PBXFileReference; lastKnownFileType = text.plist.strings; name = en; path = en.lproj/InfoPlist.strings; sourceTree = "<group>"; };
		E0AFFC88181A67E900E17AD7 /* DrinkingPartyTests.h */ = {isa = PBXFileReference; lastKnownFileType = sourcecode.c.h; path = DrinkingPartyTests.h; sourceTree = "<group>"; };
		E0AFFC89181A67E900E17AD7 /* DrinkingPartyTests.m */ = {isa = PBXFileReference; lastKnownFileType = sourcecode.c.objc; path = DrinkingPartyTests.m; sourceTree = "<group>"; };
		E0AFFC93181A695300E17AD7 /* HomeViewController.h */ = {isa = PBXFileReference; fileEncoding = 4; lastKnownFileType = sourcecode.c.h; path = HomeViewController.h; sourceTree = "<group>"; };
		E0AFFC94181A695300E17AD7 /* HomeViewController.m */ = {isa = PBXFileReference; fileEncoding = 4; lastKnownFileType = sourcecode.c.objc; path = HomeViewController.m; sourceTree = "<group>"; };
		E0AFFC96181A6B1A00E17AD7 /* SettingModeViewController.h */ = {isa = PBXFileReference; fileEncoding = 4; lastKnownFileType = sourcecode.c.h; path = SettingModeViewController.h; sourceTree = "<group>"; };
		E0AFFC97181A6B1A00E17AD7 /* SettingModeViewController.m */ = {isa = PBXFileReference; fileEncoding = 4; lastKnownFileType = sourcecode.c.objc; path = SettingModeViewController.m; sourceTree = "<group>"; };
		E0DAB7AA186C09D2001AD877 /* MyPickerViewController.h */ = {isa = PBXFileReference; fileEncoding = 4; lastKnownFileType = sourcecode.c.h; path = MyPickerViewController.h; sourceTree = "<group>"; };
		E0DAB7AB186C09D3001AD877 /* MyPickerViewController.m */ = {isa = PBXFileReference; fileEncoding = 4; lastKnownFileType = sourcecode.c.objc; path = MyPickerViewController.m; sourceTree = "<group>"; };
		E0DAB7AD186C27F5001AD877 /* ThemeViewController.h */ = {isa = PBXFileReference; fileEncoding = 4; lastKnownFileType = sourcecode.c.h; path = ThemeViewController.h; sourceTree = "<group>"; };
		E0DAB7AE186C27F5001AD877 /* ThemeViewController.m */ = {isa = PBXFileReference; fileEncoding = 4; lastKnownFileType = sourcecode.c.objc; path = ThemeViewController.m; sourceTree = "<group>"; };
		E0DAB7B0186C2804001AD877 /* ResultViewController.h */ = {isa = PBXFileReference; fileEncoding = 4; lastKnownFileType = sourcecode.c.h; path = ResultViewController.h; sourceTree = "<group>"; };
		E0DAB7B1186C2804001AD877 /* ResultViewController.m */ = {isa = PBXFileReference; fileEncoding = 4; lastKnownFileType = sourcecode.c.objc; path = ResultViewController.m; sourceTree = "<group>"; };
/* End PBXFileReference section */

/* Begin PBXFrameworksBuildPhase section */
		E0AFFC52181A67E900E17AD7 /* Frameworks */ = {
			isa = PBXFrameworksBuildPhase;
			buildActionMask = 2147483647;
			files = (
				A5B1FB4818587FCF0066ED79 /* libsqlite3.0.dylib in Frameworks */,
				E0AFFC59181A67E900E17AD7 /* UIKit.framework in Frameworks */,
				E0AFFC5B181A67E900E17AD7 /* Foundation.framework in Frameworks */,
				E0AFFC5D181A67E900E17AD7 /* CoreGraphics.framework in Frameworks */,
			);
			runOnlyForDeploymentPostprocessing = 0;
		};
		E0AFFC77181A67E900E17AD7 /* Frameworks */ = {
			isa = PBXFrameworksBuildPhase;
			buildActionMask = 2147483647;
			files = (
				E0AFFC7D181A67E900E17AD7 /* SenTestingKit.framework in Frameworks */,
				E0AFFC7E181A67E900E17AD7 /* UIKit.framework in Frameworks */,
				E0AFFC7F181A67E900E17AD7 /* Foundation.framework in Frameworks */,
			);
			runOnlyForDeploymentPostprocessing = 0;
		};
/* End PBXFrameworksBuildPhase section */

/* Begin PBXGroup section */
		E0AFFC4C181A67E900E17AD7 = {
			isa = PBXGroup;
			children = (
				E0AFFC5E181A67E900E17AD7 /* DrinkingParty */,
				E0AFFC82181A67E900E17AD7 /* DrinkingPartyTests */,
				E0AFFC57181A67E900E17AD7 /* Frameworks */,
				E0AFFC56181A67E900E17AD7 /* Products */,
			);
			sourceTree = "<group>";
		};
		E0AFFC56181A67E900E17AD7 /* Products */ = {
			isa = PBXGroup;
			children = (
				E0AFFC55181A67E900E17AD7 /* DrinkingParty.app */,
				E0AFFC7B181A67E900E17AD7 /* DrinkingPartyTests.octest */,
			);
			name = Products;
			sourceTree = "<group>";
		};
		E0AFFC57181A67E900E17AD7 /* Frameworks */ = {
			isa = PBXGroup;
			children = (
				A5B1FB4718587FCF0066ED79 /* libsqlite3.0.dylib */,
				E0AFFC58181A67E900E17AD7 /* UIKit.framework */,
				E0AFFC5A181A67E900E17AD7 /* Foundation.framework */,
				E0AFFC5C181A67E900E17AD7 /* CoreGraphics.framework */,
				E0AFFC7C181A67E900E17AD7 /* SenTestingKit.framework */,
			);
			name = Frameworks;
			sourceTree = "<group>";
		};
		E0AFFC5E181A67E900E17AD7 /* DrinkingParty */ = {
			isa = PBXGroup;
			children = (
				A5B1FB5F185890410066ED79 /* iPhoneAppDatabase.db */,
				E0AFFC67181A67E900E17AD7 /* AppDelegate.h */,
				E0AFFC68181A67E900E17AD7 /* AppDelegate.m */,
				A50BA6CB186C040E00465605 /* FMDatabase.h */,
				A50BA6CC186C040E00465605 /* FMDatabase.m */,
				A50BA6CD186C040E00465605 /* FMDatabaseAdditions.h */,
				A50BA6CF186C040E00465605 /* FMDatabasePool.h */,
				A50BA6D0186C040E00465605 /* FMDatabasePool.m */,
				A50BA6CE186C040E00465605 /* FMDatabaseAdditions.m */,
				A50BA6D1186C040E00465605 /* FMDatabaseQueue.h */,
				A50BA6D2186C040E00465605 /* FMDatabaseQueue.m */,
				A50BA6D4186C040E00465605 /* FMResultSet.h */,
				A50BA6D5186C040E00465605 /* FMResultSet.m */,
				E0AFFC70181A67E900E17AD7 /* MainStoryboard.storyboard */,
				E0DAB7AD186C27F5001AD877 /* ThemeViewController.h */,
				E0DAB7AE186C27F5001AD877 /* ThemeViewController.m */,
				E0DAB7B0186C2804001AD877 /* ResultViewController.h */,
				E0DAB7B1186C2804001AD877 /* ResultViewController.m */,
				E0DAB7AA186C09D2001AD877 /* MyPickerViewController.h */,
				E0DAB7AB186C09D3001AD877 /* MyPickerViewController.m */,
				E0AFFC96181A6B1A00E17AD7 /* SettingModeViewController.h */,
				E0AFFC97181A6B1A00E17AD7 /* SettingModeViewController.m */,
				E0AFFC93181A695300E17AD7 /* HomeViewController.h */,
				E0AFFC94181A695300E17AD7 /* HomeViewController.m */,
				E0AFFC73181A67E900E17AD7 /* ViewController.h */,
				E0AFFC74181A67E900E17AD7 /* ViewController.m */,
				E0AFFC5F181A67E900E17AD7 /* Supporting Files */,
			);
			path = DrinkingParty;
			sourceTree = "<group>";
		};
		E0AFFC5F181A67E900E17AD7 /* Supporting Files */ = {
			isa = PBXGroup;
			children = (
				E0AFFC60181A67E900E17AD7 /* DrinkingParty-Info.plist */,
				E0AFFC61181A67E900E17AD7 /* InfoPlist.strings */,
				E0AFFC64181A67E900E17AD7 /* main.m */,
				E0AFFC66181A67E900E17AD7 /* DrinkingParty-Prefix.pch */,
				E0AFFC6A181A67E900E17AD7 /* Default.png */,
				E0AFFC6C181A67E900E17AD7 /* Default@2x.png */,
				E0AFFC6E181A67E900E17AD7 /* Default-568h@2x.png */,
			);
			name = "Supporting Files";
			sourceTree = "<group>";
		};
		E0AFFC82181A67E900E17AD7 /* DrinkingPartyTests */ = {
			isa = PBXGroup;
			children = (
				E0AFFC88181A67E900E17AD7 /* DrinkingPartyTests.h */,
				E0AFFC89181A67E900E17AD7 /* DrinkingPartyTests.m */,
				E0AFFC83181A67E900E17AD7 /* Supporting Files */,
			);
			path = DrinkingPartyTests;
			sourceTree = "<group>";
		};
		E0AFFC83181A67E900E17AD7 /* Supporting Files */ = {
			isa = PBXGroup;
			children = (
				E0AFFC84181A67E900E17AD7 /* DrinkingPartyTests-Info.plist */,
				E0AFFC85181A67E900E17AD7 /* InfoPlist.strings */,
			);
			name = "Supporting Files";
			sourceTree = "<group>";
		};
/* End PBXGroup section */

/* Begin PBXNativeTarget section */
		E0AFFC54181A67E900E17AD7 /* DrinkingParty */ = {
			isa = PBXNativeTarget;
			buildConfigurationList = E0AFFC8D181A67E900E17AD7 /* Build configuration list for PBXNativeTarget "DrinkingParty" */;
			buildPhases = (
				E0AFFC51181A67E900E17AD7 /* Sources */,
				E0AFFC52181A67E900E17AD7 /* Frameworks */,
				E0AFFC53181A67E900E17AD7 /* Resources */,
			);
			buildRules = (
			);
			dependencies = (
			);
			name = DrinkingParty;
			productName = DrinkingParty;
			productReference = E0AFFC55181A67E900E17AD7 /* DrinkingParty.app */;
			productType = "com.apple.product-type.application";
		};
		E0AFFC7A181A67E900E17AD7 /* DrinkingPartyTests */ = {
			isa = PBXNativeTarget;
			buildConfigurationList = E0AFFC90181A67E900E17AD7 /* Build configuration list for PBXNativeTarget "DrinkingPartyTests" */;
			buildPhases = (
				E0AFFC76181A67E900E17AD7 /* Sources */,
				E0AFFC77181A67E900E17AD7 /* Frameworks */,
				E0AFFC78181A67E900E17AD7 /* Resources */,
				E0AFFC79181A67E900E17AD7 /* ShellScript */,
			);
			buildRules = (
			);
			dependencies = (
				E0AFFC81181A67E900E17AD7 /* PBXTargetDependency */,
			);
			name = DrinkingPartyTests;
			productName = DrinkingPartyTests;
			productReference = E0AFFC7B181A67E900E17AD7 /* DrinkingPartyTests.octest */;
			productType = "com.apple.product-type.bundle";
		};
/* End PBXNativeTarget section */

/* Begin PBXProject section */
		E0AFFC4D181A67E900E17AD7 /* Project object */ = {
			isa = PBXProject;
			attributes = {
				LastUpgradeCheck = 0460;
				ORGANIZATIONNAME = "上の 敏司";
			};
			buildConfigurationList = E0AFFC50181A67E900E17AD7 /* Build configuration list for PBXProject "DrinkingParty" */;
			compatibilityVersion = "Xcode 3.2";
			developmentRegion = English;
			hasScannedForEncodings = 0;
			knownRegions = (
				en,
			);
			mainGroup = E0AFFC4C181A67E900E17AD7;
			productRefGroup = E0AFFC56181A67E900E17AD7 /* Products */;
			projectDirPath = "";
			projectRoot = "";
			targets = (
				E0AFFC54181A67E900E17AD7 /* DrinkingParty */,
				E0AFFC7A181A67E900E17AD7 /* DrinkingPartyTests */,
			);
		};
/* End PBXProject section */

/* Begin PBXResourcesBuildPhase section */
		E0AFFC53181A67E900E17AD7 /* Resources */ = {
			isa = PBXResourcesBuildPhase;
			buildActionMask = 2147483647;
			files = (
				E0AFFC63181A67E900E17AD7 /* InfoPlist.strings in Resources */,
				E0AFFC6B181A67E900E17AD7 /* Default.png in Resources */,
				E0AFFC6D181A67E900E17AD7 /* Default@2x.png in Resources */,
				E0AFFC6F181A67E900E17AD7 /* Default-568h@2x.png in Resources */,
				E0AFFC72181A67E900E17AD7 /* MainStoryboard.storyboard in Resources */,
				A5B1FB60185890410066ED79 /* iPhoneAppDatabase.db in Resources */,
			);
			runOnlyForDeploymentPostprocessing = 0;
		};
		E0AFFC78181A67E900E17AD7 /* Resources */ = {
			isa = PBXResourcesBuildPhase;
			buildActionMask = 2147483647;
			files = (
				E0AFFC87181A67E900E17AD7 /* InfoPlist.strings in Resources */,
			);
			runOnlyForDeploymentPostprocessing = 0;
		};
/* End PBXResourcesBuildPhase section */

/* Begin PBXShellScriptBuildPhase section */
		E0AFFC79181A67E900E17AD7 /* ShellScript */ = {
			isa = PBXShellScriptBuildPhase;
			buildActionMask = 2147483647;
			files = (
			);
			inputPaths = (
			);
			outputPaths = (
			);
			runOnlyForDeploymentPostprocessing = 0;
			shellPath = /bin/sh;
			shellScript = "# Run the unit tests in this test bundle.\n\"${SYSTEM_DEVELOPER_DIR}/Tools/RunUnitTests\"\n";
		};
/* End PBXShellScriptBuildPhase section */

/* Begin PBXSourcesBuildPhase section */
		E0AFFC51181A67E900E17AD7 /* Sources */ = {
			isa = PBXSourcesBuildPhase;
			buildActionMask = 2147483647;
			files = (
				E0AFFC65181A67E900E17AD7 /* main.m in Sources */,
				E0AFFC69181A67E900E17AD7 /* AppDelegate.m in Sources */,
				E0AFFC75181A67E900E17AD7 /* ViewController.m in Sources */,
				E0AFFC95181A695300E17AD7 /* HomeViewController.m in Sources */,
				E0AFFC98181A6B1A00E17AD7 /* SettingModeViewController.m in Sources */,
				A50BA6D6186C040E00465605 /* FMDatabase.m in Sources */,
				A50BA6D7186C040E00465605 /* FMDatabaseAdditions.m in Sources */,
				A50BA6D8186C040E00465605 /* FMDatabasePool.m in Sources */,
				A50BA6D9186C040E00465605 /* FMDatabaseQueue.m in Sources */,
				A50BA6DB186C040E00465605 /* FMResultSet.m in Sources */,
				E0DAB7AC186C09D3001AD877 /* MyPickerViewController.m in Sources */,
				E0DAB7AF186C27F6001AD877 /* ThemeViewController.m in Sources */,
				E0DAB7B2186C2804001AD877 /* ResultViewController.m in Sources */,
			);
			runOnlyForDeploymentPostprocessing = 0;
		};
		E0AFFC76181A67E900E17AD7 /* Sources */ = {
			isa = PBXSourcesBuildPhase;
			buildActionMask = 2147483647;
			files = (
				E0AFFC8A181A67E900E17AD7 /* DrinkingPartyTests.m in Sources */,
			);
			runOnlyForDeploymentPostprocessing = 0;
		};
/* End PBXSourcesBuildPhase section */

/* Begin PBXTargetDependency section */
		E0AFFC81181A67E900E17AD7 /* PBXTargetDependency */ = {
			isa = PBXTargetDependency;
			target = E0AFFC54181A67E900E17AD7 /* DrinkingParty */;
			targetProxy = E0AFFC80181A67E900E17AD7 /* PBXContainerItemProxy */;
		};
/* End PBXTargetDependency section */

/* Begin PBXVariantGroup section */
		E0AFFC61181A67E900E17AD7 /* InfoPlist.strings */ = {
			isa = PBXVariantGroup;
			children = (
				E0AFFC62181A67E900E17AD7 /* en */,
			);
			name = InfoPlist.strings;
			sourceTree = "<group>";
		};
		E0AFFC70181A67E900E17AD7 /* MainStoryboard.storyboard */ = {
			isa = PBXVariantGroup;
			children = (
				E0AFFC71181A67E900E17AD7 /* en */,
			);
			name = MainStoryboard.storyboard;
			sourceTree = "<group>";
		};
		E0AFFC85181A67E900E17AD7 /* InfoPlist.strings */ = {
			isa = PBXVariantGroup;
			children = (
				E0AFFC86181A67E900E17AD7 /* en */,
			);
			name = InfoPlist.strings;
			sourceTree = "<group>";
		};
/* End PBXVariantGroup section */

/* Begin XCBuildConfiguration section */
		E0AFFC8B181A67E900E17AD7 /* Debug */ = {
			isa = XCBuildConfiguration;
			buildSettings = {
				ALWAYS_SEARCH_USER_PATHS = NO;
				CLANG_CXX_LANGUAGE_STANDARD = "gnu++0x";
				CLANG_CXX_LIBRARY = "libc++";
				CLANG_ENABLE_OBJC_ARC = YES;
				CLANG_WARN_CONSTANT_CONVERSION = YES;
				CLANG_WARN_EMPTY_BODY = YES;
				CLANG_WARN_ENUM_CONVERSION = YES;
				CLANG_WARN_INT_CONVERSION = YES;
				CLANG_WARN__DUPLICATE_METHOD_MATCH = YES;
				"CODE_SIGN_IDENTITY[sdk=iphoneos*]" = "iPhone Developer";
				COPY_PHASE_STRIP = NO;
				GCC_C_LANGUAGE_STANDARD = gnu99;
				GCC_DYNAMIC_NO_PIC = NO;
				GCC_OPTIMIZATION_LEVEL = 0;
				GCC_PREPROCESSOR_DEFINITIONS = (
					"DEBUG=1",
					"$(inherited)",
				);
				GCC_SYMBOLS_PRIVATE_EXTERN = NO;
				GCC_WARN_ABOUT_RETURN_TYPE = YES;
				GCC_WARN_UNINITIALIZED_AUTOS = YES;
				GCC_WARN_UNUSED_VARIABLE = YES;
				IPHONEOS_DEPLOYMENT_TARGET = 6.1;
				ONLY_ACTIVE_ARCH = YES;
				SDKROOT = iphoneos;
			};
			name = Debug;
		};
		E0AFFC8C181A67E900E17AD7 /* Release */ = {
			isa = XCBuildConfiguration;
			buildSettings = {
				ALWAYS_SEARCH_USER_PATHS = NO;
				CLANG_CXX_LANGUAGE_STANDARD = "gnu++0x";
				CLANG_CXX_LIBRARY = "libc++";
				CLANG_ENABLE_OBJC_ARC = YES;
				CLANG_WARN_CONSTANT_CONVERSION = YES;
				CLANG_WARN_EMPTY_BODY = YES;
				CLANG_WARN_ENUM_CONVERSION = YES;
				CLANG_WARN_INT_CONVERSION = YES;
				CLANG_WARN__DUPLICATE_METHOD_MATCH = YES;
				"CODE_SIGN_IDENTITY[sdk=iphoneos*]" = "iPhone Developer";
				COPY_PHASE_STRIP = YES;
				GCC_C_LANGUAGE_STANDARD = gnu99;
				GCC_WARN_ABOUT_RETURN_TYPE = YES;
				GCC_WARN_UNINITIALIZED_AUTOS = YES;
				GCC_WARN_UNUSED_VARIABLE = YES;
				IPHONEOS_DEPLOYMENT_TARGET = 6.1;
				OTHER_CFLAGS = "-DNS_BLOCK_ASSERTIONS=1";
				SDKROOT = iphoneos;
				VALIDATE_PRODUCT = YES;
			};
			name = Release;
		};
		E0AFFC8E181A67E900E17AD7 /* Debug */ = {
			isa = XCBuildConfiguration;
			buildSettings = {
				GCC_PRECOMPILE_PREFIX_HEADER = YES;
				GCC_PREFIX_HEADER = "DrinkingParty/DrinkingParty-Prefix.pch";
				INFOPLIST_FILE = "DrinkingParty/DrinkingParty-Info.plist";
				PRODUCT_NAME = "$(TARGET_NAME)";
				WRAPPER_EXTENSION = app;
			};
			name = Debug;
		};
		E0AFFC8F181A67E900E17AD7 /* Release */ = {
			isa = XCBuildConfiguration;
			buildSettings = {
				GCC_PRECOMPILE_PREFIX_HEADER = YES;
				GCC_PREFIX_HEADER = "DrinkingParty/DrinkingParty-Prefix.pch";
				INFOPLIST_FILE = "DrinkingParty/DrinkingParty-Info.plist";
				PRODUCT_NAME = "$(TARGET_NAME)";
				WRAPPER_EXTENSION = app;
			};
			name = Release;
		};
		E0AFFC91181A67E900E17AD7 /* Debug */ = {
			isa = XCBuildConfiguration;
			buildSettings = {
				BUNDLE_LOADER = "$(BUILT_PRODUCTS_DIR)/DrinkingParty.app/DrinkingParty";
				FRAMEWORK_SEARCH_PATHS = (
					"\"$(SDKROOT)/Developer/Library/Frameworks\"",
					"\"$(DEVELOPER_LIBRARY_DIR)/Frameworks\"",
				);
				GCC_PRECOMPILE_PREFIX_HEADER = YES;
				GCC_PREFIX_HEADER = "DrinkingParty/DrinkingParty-Prefix.pch";
				INFOPLIST_FILE = "DrinkingPartyTests/DrinkingPartyTests-Info.plist";
				PRODUCT_NAME = "$(TARGET_NAME)";
				TEST_HOST = "$(BUNDLE_LOADER)";
				WRAPPER_EXTENSION = octest;
			};
			name = Debug;
		};
		E0AFFC92181A67E900E17AD7 /* Release */ = {
			isa = XCBuildConfiguration;
			buildSettings = {
				BUNDLE_LOADER = "$(BUILT_PRODUCTS_DIR)/DrinkingParty.app/DrinkingParty";
				FRAMEWORK_SEARCH_PATHS = (
					"\"$(SDKROOT)/Developer/Library/Frameworks\"",
					"\"$(DEVELOPER_LIBRARY_DIR)/Frameworks\"",
				);
				GCC_PRECOMPILE_PREFIX_HEADER = YES;
				GCC_PREFIX_HEADER = "DrinkingParty/DrinkingParty-Prefix.pch";
				INFOPLIST_FILE = "DrinkingPartyTests/DrinkingPartyTests-Info.plist";
				PRODUCT_NAME = "$(TARGET_NAME)";
				TEST_HOST = "$(BUNDLE_LOADER)";
				WRAPPER_EXTENSION = octest;
			};
			name = Release;
		};
/* End XCBuildConfiguration section */

/* Begin XCConfigurationList section */
		E0AFFC50181A67E900E17AD7 /* Build configuration list for PBXProject "DrinkingParty" */ = {
			isa = XCConfigurationList;
			buildConfigurations = (
				E0AFFC8B181A67E900E17AD7 /* Debug */,
				E0AFFC8C181A67E900E17AD7 /* Release */,
			);
			defaultConfigurationIsVisible = 0;
			defaultConfigurationName = Release;
		};
		E0AFFC8D181A67E900E17AD7 /* Build configuration list for PBXNativeTarget "DrinkingParty" */ = {
			isa = XCConfigurationList;
			buildConfigurations = (
				E0AFFC8E181A67E900E17AD7 /* Debug */,
				E0AFFC8F181A67E900E17AD7 /* Release */,
			);
			defaultConfigurationIsVisible = 0;
			defaultConfigurationName = Release;
		};
		E0AFFC90181A67E900E17AD7 /* Build configuration list for PBXNativeTarget "DrinkingPartyTests" */ = {
			isa = XCConfigurationList;
			buildConfigurations = (
				E0AFFC91181A67E900E17AD7 /* Debug */,
				E0AFFC92181A67E900E17AD7 /* Release */,
			);
			defaultConfigurationIsVisible = 0;
			defaultConfigurationName = Release;
		};
/* End XCConfigurationList section */
	};
	rootObject = E0AFFC4D181A67E900E17AD7 /* Project object */;
}
